
Microsoft Visual Studio Solution File, Format Version 12.00
# Visual Studio Version 17
VisualStudioVersion = 17.9.34728.123
MinimumVisualStudioVersion = 10.0.40219.1
Project("{9A19103F-16F7-4668-BE54-9A1E7A4F7556}") = "ForDiagram", "ForDiagram\ForDiagram.csproj", "{18AAB731-B826-416D-A702-6D47FDDBE1B0}"
EndProject
Global
	GlobalSection(SolutionConfigurationPlatforms) = preSolution
		Debug|Any CPU = Debug|Any CPU
		Release|Any CPU = Release|Any CPU
	EndGlobalSection
	GlobalSection(ProjectConfigurationPlatforms) = postSolution
		{18AAB731-B826-416D-A702-6D47FDDBE1B0}.Debug|Any CPU.ActiveCfg = Debug|Any CPU
		{18AAB731-B826-416D-A702-6D47FDDBE1B0}.Debug|Any CPU.Build.0 = Debug|Any CPU
		{18AAB731-B826-416D-A702-6D47FDDBE1B0}.Release|Any CPU.ActiveCfg = Release|Any CPU
		{18AAB731-B826-416D-A702-6D47FDDBE1B0}.Release|Any CPU.Build.0 = Release|Any CPU
	EndGlobalSection
	GlobalSection(SolutionProperties) = preSolution
		HideSolutionNode = FALSE
	EndGlobalSection
	GlobalSection(ExtensibilityGlobals) = postSolution
		SolutionGuid = {202CED5E-F9B1-4A89-A6F3-B7E24B418F58}
	EndGlobalSection
EndGlobal
